// !$*UTF8*$!
{
	archiveVersion = 1;
	classes = {
	};
	objectVersion = 55;
	objects = {

/* Begin PBXBuildFile section */
		49C8B03128CBEDA200286AA8 /* AppDelegate.swift in Sources */ = {isa = PBXBuildFile; fileRef = 49C8B03028CBEDA200286AA8 /* AppDelegate.swift */; };
		49C8B03528CBEDA200286AA8 /* MainViewController.swift in Sources */ = {isa = PBXBuildFile; fileRef = 49C8B03428CBEDA200286AA8 /* MainViewController.swift */; };
		49C8B03A28CBEDA300286AA8 /* Assets.xcassets in Resources */ = {isa = PBXBuildFile; fileRef = 49C8B03928CBEDA300286AA8 /* Assets.xcassets */; };
		49C8B03D28CBEDA300286AA8 /* LaunchScreen.storyboard in Resources */ = {isa = PBXBuildFile; fileRef = 49C8B03B28CBEDA300286AA8 /* LaunchScreen.storyboard */; };
		49C8B04828CBEDA400286AA8 /* MainViewControllerTests.swift in Sources */ = {isa = PBXBuildFile; fileRef = 49C8B04728CBEDA400286AA8 /* MainViewControllerTests.swift */; };
		49C8B06428CBF6D400286AA8 /* MainPresenter.swift in Sources */ = {isa = PBXBuildFile; fileRef = 49C8B06328CBF6D400286AA8 /* MainPresenter.swift */; };
		49C8B06728CBF73A00286AA8 /* API.swift in Sources */ = {isa = PBXBuildFile; fileRef = 49C8B06628CBF73A00286AA8 /* API.swift */; };
		49C8B06A28CBF76C00286AA8 /* Weather.swift in Sources */ = {isa = PBXBuildFile; fileRef = 49C8B06928CBF76C00286AA8 /* Weather.swift */; };
		49EA2A7628CC0C55003DCADB /* DateFormatter.swift in Sources */ = {isa = PBXBuildFile; fileRef = 49EA2A7528CC0C55003DCADB /* DateFormatter.swift */; };
		49EA2A7828CC0CB9003DCADB /* JSONDecoder.swift in Sources */ = {isa = PBXBuildFile; fileRef = 49EA2A7728CC0CB9003DCADB /* JSONDecoder.swift */; };
		49EA2A7B28CC0EEB003DCADB /* APIMock.swift in Sources */ = {isa = PBXBuildFile; fileRef = 49EA2A7A28CC0EEB003DCADB /* APIMock.swift */; };
		49EA2A7D28CC0FEE003DCADB /* MainViewMock.swift in Sources */ = {isa = PBXBuildFile; fileRef = 49EA2A7C28CC0FEE003DCADB /* MainViewMock.swift */; };
		49EA2A8028CC1057003DCADB /* MainPresenterMock.swift in Sources */ = {isa = PBXBuildFile; fileRef = 49EA2A7F28CC1057003DCADB /* MainPresenterMock.swift */; };
		49EA2A8228CC1178003DCADB /* MainPresenterTests.swift in Sources */ = {isa = PBXBuildFile; fileRef = 49EA2A8128CC1178003DCADB /* MainPresenterTests.swift */; };
		49EA2A8428CC1248003DCADB /* WeatherMock.swift in Sources */ = {isa = PBXBuildFile; fileRef = 49EA2A8328CC1248003DCADB /* WeatherMock.swift */; };
		49EA2A8A28CC1B9A003DCADB /* mock.json in Resources */ = {isa = PBXBuildFile; fileRef = 49EA2A8728CC1360003DCADB /* mock.json */; };
		49EA2A8C28CC1FC0003DCADB /* mockWithoutWeather.json in Resources */ = {isa = PBXBuildFile; fileRef = 49EA2A8B28CC1FC0003DCADB /* mockWithoutWeather.json */; };
		63B87E400AC86FCCB7D32FC6 /* Pods_MobileTakeHome.framework in Frameworks */ = {isa = PBXBuildFile; fileRef = 48AEE53B16E512896D20208A /* Pods_MobileTakeHome.framework */; };
		EAC14C847A7E5F8E5B07591A /* Pods_MobileTakeHomeTests.framework in Frameworks */ = {isa = PBXBuildFile; fileRef = F8D3C35EA86025F164097004 /* Pods_MobileTakeHomeTests.framework */; };
/* End PBXBuildFile section */

/* Begin PBXContainerItemProxy section */
		49C8B04428CBEDA300286AA8 /* PBXContainerItemProxy */ = {
			isa = PBXContainerItemProxy;
			containerPortal = 49C8B02528CBEDA200286AA8 /* Project object */;
			proxyType = 1;
			remoteGlobalIDString = 49C8B02C28CBEDA200286AA8;
			remoteInfo = MobileTakeHome;
		};
/* End PBXContainerItemProxy section */

/* Begin PBXFileReference section */
		48AEE53B16E512896D20208A /* Pods_MobileTakeHome.framework */ = {isa = PBXFileReference; explicitFileType = wrapper.framework; includeInIndex = 0; path = Pods_MobileTakeHome.framework; sourceTree = BUILT_PRODUCTS_DIR; };
		49C8B02D28CBEDA200286AA8 /* MobileTakeHome.app */ = {isa = PBXFileReference; explicitFileType = wrapper.application; includeInIndex = 0; path = MobileTakeHome.app; sourceTree = BUILT_PRODUCTS_DIR; };
		49C8B03028CBEDA200286AA8 /* AppDelegate.swift */ = {isa = PBXFileReference; lastKnownFileType = sourcecode.swift; path = AppDelegate.swift; sourceTree = "<group>"; };
		49C8B03428CBEDA200286AA8 /* MainViewController.swift */ = {isa = PBXFileReference; lastKnownFileType = sourcecode.swift; path = MainViewController.swift; sourceTree = "<group>"; };
		49C8B03928CBEDA300286AA8 /* Assets.xcassets */ = {isa = PBXFileReference; lastKnownFileType = folder.assetcatalog; path = Assets.xcassets; sourceTree = "<group>"; };
		49C8B03C28CBEDA300286AA8 /* Base */ = {isa = PBXFileReference; lastKnownFileType = file.storyboard; name = Base; path = Base.lproj/LaunchScreen.storyboard; sourceTree = "<group>"; };
		49C8B03E28CBEDA300286AA8 /* Info.plist */ = {isa = PBXFileReference; lastKnownFileType = text.plist.xml; path = Info.plist; sourceTree = "<group>"; };
		49C8B04328CBEDA300286AA8 /* MobileTakeHomeTests.xctest */ = {isa = PBXFileReference; explicitFileType = wrapper.cfbundle; includeInIndex = 0; path = MobileTakeHomeTests.xctest; sourceTree = BUILT_PRODUCTS_DIR; };
		49C8B04728CBEDA400286AA8 /* MainViewControllerTests.swift */ = {isa = PBXFileReference; lastKnownFileType = sourcecode.swift; path = MainViewControllerTests.swift; sourceTree = "<group>"; };
		49C8B06328CBF6D400286AA8 /* MainPresenter.swift */ = {isa = PBXFileReference; lastKnownFileType = sourcecode.swift; path = MainPresenter.swift; sourceTree = "<group>"; };
		49C8B06628CBF73A00286AA8 /* API.swift */ = {isa = PBXFileReference; lastKnownFileType = sourcecode.swift; path = API.swift; sourceTree = "<group>"; };
		49C8B06928CBF76C00286AA8 /* Weather.swift */ = {isa = PBXFileReference; lastKnownFileType = sourcecode.swift; path = Weather.swift; sourceTree = "<group>"; };
		49EA2A7528CC0C55003DCADB /* DateFormatter.swift */ = {isa = PBXFileReference; lastKnownFileType = sourcecode.swift; path = DateFormatter.swift; sourceTree = "<group>"; };
		49EA2A7728CC0CB9003DCADB /* JSONDecoder.swift */ = {isa = PBXFileReference; lastKnownFileType = sourcecode.swift; path = JSONDecoder.swift; sourceTree = "<group>"; };
		49EA2A7A28CC0EEB003DCADB /* APIMock.swift */ = {isa = PBXFileReference; lastKnownFileType = sourcecode.swift; path = APIMock.swift; sourceTree = "<group>"; };
		49EA2A7C28CC0FEE003DCADB /* MainViewMock.swift */ = {isa = PBXFileReference; lastKnownFileType = sourcecode.swift; path = MainViewMock.swift; sourceTree = "<group>"; };
		49EA2A7F28CC1057003DCADB /* MainPresenterMock.swift */ = {isa = PBXFileReference; lastKnownFileType = sourcecode.swift; path = MainPresenterMock.swift; sourceTree = "<group>"; };
		49EA2A8128CC1178003DCADB /* MainPresenterTests.swift */ = {isa = PBXFileReference; lastKnownFileType = sourcecode.swift; path = MainPresenterTests.swift; sourceTree = "<group>"; };
		49EA2A8328CC1248003DCADB /* WeatherMock.swift */ = {isa = PBXFileReference; lastKnownFileType = sourcecode.swift; path = WeatherMock.swift; sourceTree = "<group>"; };
		49EA2A8728CC1360003DCADB /* mock.json */ = {isa = PBXFileReference; lastKnownFileType = text.json; path = mock.json; sourceTree = "<group>"; };
		49EA2A8B28CC1FC0003DCADB /* mockWithoutWeather.json */ = {isa = PBXFileReference; fileEncoding = 4; lastKnownFileType = text.json; path = mockWithoutWeather.json; sourceTree = "<group>"; };
		49EA2A8E28CC2279003DCADB /* README.md */ = {isa = PBXFileReference; lastKnownFileType = net.daringfireball.markdown; path = README.md; sourceTree = "<group>"; };
		4C3C588DDCBF0517DE6DD2C9 /* Pods-MobileTakeHome.debug.xcconfig */ = {isa = PBXFileReference; includeInIndex = 1; lastKnownFileType = text.xcconfig; name = "Pods-MobileTakeHome.debug.xcconfig"; path = "Target Support Files/Pods-MobileTakeHome/Pods-MobileTakeHome.debug.xcconfig"; sourceTree = "<group>"; };
		C0B071029AE9D82CCBA2970B /* Pods-MobileTakeHomeTests.debug.xcconfig */ = {isa = PBXFileReference; includeInIndex = 1; lastKnownFileType = text.xcconfig; name = "Pods-MobileTakeHomeTests.debug.xcconfig"; path = "Target Support Files/Pods-MobileTakeHomeTests/Pods-MobileTakeHomeTests.debug.xcconfig"; sourceTree = "<group>"; };
		D7EB9998BE69863B3C9FE241 /* Pods-MobileTakeHomeTests.release.xcconfig */ = {isa = PBXFileReference; includeInIndex = 1; lastKnownFileType = text.xcconfig; name = "Pods-MobileTakeHomeTests.release.xcconfig"; path = "Target Support Files/Pods-MobileTakeHomeTests/Pods-MobileTakeHomeTests.release.xcconfig"; sourceTree = "<group>"; };
		F8D3C35EA86025F164097004 /* Pods_MobileTakeHomeTests.framework */ = {isa = PBXFileReference; explicitFileType = wrapper.framework; includeInIndex = 0; path = Pods_MobileTakeHomeTests.framework; sourceTree = BUILT_PRODUCTS_DIR; };
		FFF31BBE17B684654DF6C3BE /* Pods-MobileTakeHome.release.xcconfig */ = {isa = PBXFileReference; includeInIndex = 1; lastKnownFileType = text.xcconfig; name = "Pods-MobileTakeHome.release.xcconfig"; path = "Target Support Files/Pods-MobileTakeHome/Pods-MobileTakeHome.release.xcconfig"; sourceTree = "<group>"; };
/* End PBXFileReference section */

/* Begin PBXFrameworksBuildPhase section */
		49C8B02A28CBEDA200286AA8 /* Frameworks */ = {
			isa = PBXFrameworksBuildPhase;
			buildActionMask = 2147483647;
			files = (
				63B87E400AC86FCCB7D32FC6 /* Pods_MobileTakeHome.framework in Frameworks */,
			);
			runOnlyForDeploymentPostprocessing = 0;
		};
		49C8B04028CBEDA300286AA8 /* Frameworks */ = {
			isa = PBXFrameworksBuildPhase;
			buildActionMask = 2147483647;
			files = (
				EAC14C847A7E5F8E5B07591A /* Pods_MobileTakeHomeTests.framework in Frameworks */,
			);
			runOnlyForDeploymentPostprocessing = 0;
		};
/* End PBXFrameworksBuildPhase section */

/* Begin PBXGroup section */
		3B581BD1333C78ED5BC17FD7 /* Frameworks */ = {
			isa = PBXGroup;
			children = (
				48AEE53B16E512896D20208A /* Pods_MobileTakeHome.framework */,
				F8D3C35EA86025F164097004 /* Pods_MobileTakeHomeTests.framework */,
			);
			name = Frameworks;
			sourceTree = "<group>";
		};
		49C8B02428CBEDA200286AA8 = {
			isa = PBXGroup;
			children = (
				49C8B02F28CBEDA200286AA8 /* MobileTakeHome */,
				49C8B04628CBEDA300286AA8 /* MobileTakeHomeTests */,
				49C8B02E28CBEDA200286AA8 /* Products */,
				573834147AB2BED76C7CEC48 /* Pods */,
				3B581BD1333C78ED5BC17FD7 /* Frameworks */,
			);
			sourceTree = "<group>";
		};
		49C8B02E28CBEDA200286AA8 /* Products */ = {
			isa = PBXGroup;
			children = (
				49C8B02D28CBEDA200286AA8 /* MobileTakeHome.app */,
				49C8B04328CBEDA300286AA8 /* MobileTakeHomeTests.xctest */,
			);
			name = Products;
			sourceTree = "<group>";
		};
		49C8B02F28CBEDA200286AA8 /* MobileTakeHome */ = {
			isa = PBXGroup;
			children = (
				49EA2A8D28CC2253003DCADB /* Resource */,
				49EA2A7428CC0C4A003DCADB /* Extension */,
				49C8B06528CBF72C00286AA8 /* API */,
				49C8B06228CBF6C200286AA8 /* Presenter */,
				49C8B06128CBF68B00286AA8 /* Supporting Files */,
				49C8B06028CBF65800286AA8 /* ViewController */,
				49C8B03E28CBEDA300286AA8 /* Info.plist */,
				49EA2A8E28CC2279003DCADB /* README.md */,
			);
			path = MobileTakeHome;
			sourceTree = "<group>";
		};
		49C8B04628CBEDA300286AA8 /* MobileTakeHomeTests */ = {
			isa = PBXGroup;
			children = (
				49EA2A7928CC0ED3003DCADB /* Mocks */,
				49C8B04728CBEDA400286AA8 /* MainViewControllerTests.swift */,
				49EA2A8128CC1178003DCADB /* MainPresenterTests.swift */,
			);
			path = MobileTakeHomeTests;
			sourceTree = "<group>";
		};
		49C8B06028CBF65800286AA8 /* ViewController */ = {
			isa = PBXGroup;
			children = (
				49C8B03428CBEDA200286AA8 /* MainViewController.swift */,
			);
			path = ViewController;
			sourceTree = "<group>";
		};
		49C8B06128CBF68B00286AA8 /* Supporting Files */ = {
			isa = PBXGroup;
			children = (
				49C8B03028CBEDA200286AA8 /* AppDelegate.swift */,
				49C8B03928CBEDA300286AA8 /* Assets.xcassets */,
				49C8B03B28CBEDA300286AA8 /* LaunchScreen.storyboard */,
			);
			path = "Supporting Files";
			sourceTree = "<group>";
		};
		49C8B06228CBF6C200286AA8 /* Presenter */ = {
			isa = PBXGroup;
			children = (
				49C8B06328CBF6D400286AA8 /* MainPresenter.swift */,
			);
			path = Presenter;
			sourceTree = "<group>";
		};
		49C8B06528CBF72C00286AA8 /* API */ = {
			isa = PBXGroup;
			children = (
				49C8B06828CBF76400286AA8 /* Model */,
				49C8B06628CBF73A00286AA8 /* API.swift */,
			);
			path = API;
			sourceTree = "<group>";
		};
		49C8B06828CBF76400286AA8 /* Model */ = {
			isa = PBXGroup;
			children = (
				49C8B06928CBF76C00286AA8 /* Weather.swift */,
			);
			path = Model;
			sourceTree = "<group>";
		};
		49EA2A7428CC0C4A003DCADB /* Extension */ = {
			isa = PBXGroup;
			children = (
				49EA2A7528CC0C55003DCADB /* DateFormatter.swift */,
				49EA2A7728CC0CB9003DCADB /* JSONDecoder.swift */,
			);
			path = Extension;
			sourceTree = "<group>";
		};
		49EA2A7928CC0ED3003DCADB /* Mocks */ = {
			isa = PBXGroup;
			children = (
				49EA2A7A28CC0EEB003DCADB /* APIMock.swift */,
				49EA2A7C28CC0FEE003DCADB /* MainViewMock.swift */,
				49EA2A7F28CC1057003DCADB /* MainPresenterMock.swift */,
				49EA2A8328CC1248003DCADB /* WeatherMock.swift */,
			);
			path = Mocks;
			sourceTree = "<group>";
		};
		49EA2A8D28CC2253003DCADB /* Resource */ = {
			isa = PBXGroup;
			children = (
				49EA2A8B28CC1FC0003DCADB /* mockWithoutWeather.json */,
				49EA2A8728CC1360003DCADB /* mock.json */,
			);
			path = Resource;
			sourceTree = "<group>";
		};
		573834147AB2BED76C7CEC48 /* Pods */ = {
			isa = PBXGroup;
			children = (
				4C3C588DDCBF0517DE6DD2C9 /* Pods-MobileTakeHome.debug.xcconfig */,
				FFF31BBE17B684654DF6C3BE /* Pods-MobileTakeHome.release.xcconfig */,
				C0B071029AE9D82CCBA2970B /* Pods-MobileTakeHomeTests.debug.xcconfig */,
				D7EB9998BE69863B3C9FE241 /* Pods-MobileTakeHomeTests.release.xcconfig */,
			);
			path = Pods;
			sourceTree = "<group>";
		};
/* End PBXGroup section */

/* Begin PBXNativeTarget section */
		49C8B02C28CBEDA200286AA8 /* MobileTakeHome */ = {
			isa = PBXNativeTarget;
			buildConfigurationList = 49C8B05728CBEDA400286AA8 /* Build configuration list for PBXNativeTarget "MobileTakeHome" */;
			buildPhases = (
				949264755F9F51D283365C94 /* [CP] Check Pods Manifest.lock */,
				49C8B02928CBEDA200286AA8 /* Sources */,
				49C8B02A28CBEDA200286AA8 /* Frameworks */,
				49C8B02B28CBEDA200286AA8 /* Resources */,
				A1B95BFE44F50D96C01ECF7D /* [CP] Embed Pods Frameworks */,
			);
			buildRules = (
			);
			dependencies = (
			);
			name = MobileTakeHome;
			productName = MobileTakeHome;
			productReference = 49C8B02D28CBEDA200286AA8 /* MobileTakeHome.app */;
			productType = "com.apple.product-type.application";
		};
		49C8B04228CBEDA300286AA8 /* MobileTakeHomeTests */ = {
			isa = PBXNativeTarget;
			buildConfigurationList = 49C8B05A28CBEDA400286AA8 /* Build configuration list for PBXNativeTarget "MobileTakeHomeTests" */;
			buildPhases = (
				B7B66CC35FE98B5D5C895FFE /* [CP] Check Pods Manifest.lock */,
				49C8B03F28CBEDA300286AA8 /* Sources */,
				49C8B04028CBEDA300286AA8 /* Frameworks */,
				49C8B04128CBEDA300286AA8 /* Resources */,
			);
			buildRules = (
			);
			dependencies = (
				49C8B04528CBEDA300286AA8 /* PBXTargetDependency */,
			);
			name = MobileTakeHomeTests;
			productName = MobileTakeHomeTests;
			productReference = 49C8B04328CBEDA300286AA8 /* MobileTakeHomeTests.xctest */;
			productType = "com.apple.product-type.bundle.unit-test";
		};
/* End PBXNativeTarget section */

/* Begin PBXProject section */
		49C8B02528CBEDA200286AA8 /* Project object */ = {
			isa = PBXProject;
			attributes = {
				BuildIndependentTargetsInParallel = 1;
				LastSwiftUpdateCheck = 1330;
				LastUpgradeCheck = 1330;
				TargetAttributes = {
					49C8B02C28CBEDA200286AA8 = {
						CreatedOnToolsVersion = 13.3;
					};
					49C8B04228CBEDA300286AA8 = {
						CreatedOnToolsVersion = 13.3;
						TestTargetID = 49C8B02C28CBEDA200286AA8;
					};
				};
			};
			buildConfigurationList = 49C8B02828CBEDA200286AA8 /* Build configuration list for PBXProject "MobileTakeHome" */;
			compatibilityVersion = "Xcode 13.0";
			developmentRegion = en;
			hasScannedForEncodings = 0;
			knownRegions = (
				en,
				Base,
			);
			mainGroup = 49C8B02428CBEDA200286AA8;
			productRefGroup = 49C8B02E28CBEDA200286AA8 /* Products */;
			projectDirPath = "";
			projectRoot = "";
			targets = (
				49C8B02C28CBEDA200286AA8 /* MobileTakeHome */,
				49C8B04228CBEDA300286AA8 /* MobileTakeHomeTests */,
			);
		};
/* End PBXProject section */

/* Begin PBXResourcesBuildPhase section */
		49C8B02B28CBEDA200286AA8 /* Resources */ = {
			isa = PBXResourcesBuildPhase;
			buildActionMask = 2147483647;
			files = (
				49EA2A8A28CC1B9A003DCADB /* mock.json in Resources */,
				49EA2A8C28CC1FC0003DCADB /* mockWithoutWeather.json in Resources */,
				49C8B03D28CBEDA300286AA8 /* LaunchScreen.storyboard in Resources */,
				49C8B03A28CBEDA300286AA8 /* Assets.xcassets in Resources */,
			);
			runOnlyForDeploymentPostprocessing = 0;
		};
		49C8B04128CBEDA300286AA8 /* Resources */ = {
			isa = PBXResourcesBuildPhase;
			buildActionMask = 2147483647;
			files = (
			);
			runOnlyForDeploymentPostprocessing = 0;
		};
/* End PBXResourcesBuildPhase section */

/* Begin PBXShellScriptBuildPhase section */
		949264755F9F51D283365C94 /* [CP] Check Pods Manifest.lock */ = {
			isa = PBXShellScriptBuildPhase;
			buildActionMask = 2147483647;
			files = (
			);
			inputFileListPaths = (
			);
			inputPaths = (
				"${PODS_PODFILE_DIR_PATH}/Podfile.lock",
				"${PODS_ROOT}/Manifest.lock",
			);
			name = "[CP] Check Pods Manifest.lock";
			outputFileListPaths = (
			);
			outputPaths = (
				"$(DERIVED_FILE_DIR)/Pods-MobileTakeHome-checkManifestLockResult.txt",
			);
			runOnlyForDeploymentPostprocessing = 0;
			shellPath = /bin/sh;
			shellScript = "diff \"${PODS_PODFILE_DIR_PATH}/Podfile.lock\" \"${PODS_ROOT}/Manifest.lock\" > /dev/null\nif [ $? != 0 ] ; then\n    # print error to STDERR\n    echo \"error: The sandbox is not in sync with the Podfile.lock. Run 'pod install' or update your CocoaPods installation.\" >&2\n    exit 1\nfi\n# This output is used by Xcode 'outputs' to avoid re-running this script phase.\necho \"SUCCESS\" > \"${SCRIPT_OUTPUT_FILE_0}\"\n";
			showEnvVarsInLog = 0;
		};
		A1B95BFE44F50D96C01ECF7D /* [CP] Embed Pods Frameworks */ = {
			isa = PBXShellScriptBuildPhase;
			buildActionMask = 2147483647;
			files = (
			);
			inputFileListPaths = (
				"${PODS_ROOT}/Target Support Files/Pods-MobileTakeHome/Pods-MobileTakeHome-frameworks-${CONFIGURATION}-input-files.xcfilelist",
			);
			name = "[CP] Embed Pods Frameworks";
			outputFileListPaths = (
				"${PODS_ROOT}/Target Support Files/Pods-MobileTakeHome/Pods-MobileTakeHome-frameworks-${CONFIGURATION}-output-files.xcfilelist",
			);
			runOnlyForDeploymentPostprocessing = 0;
			shellPath = /bin/sh;
			shellScript = "\"${PODS_ROOT}/Target Support Files/Pods-MobileTakeHome/Pods-MobileTakeHome-frameworks.sh\"\n";
			showEnvVarsInLog = 0;
		};
		B7B66CC35FE98B5D5C895FFE /* [CP] Check Pods Manifest.lock */ = {
			isa = PBXShellScriptBuildPhase;
			buildActionMask = 2147483647;
			files = (
			);
			inputFileListPaths = (
			);
			inputPaths = (
				"${PODS_PODFILE_DIR_PATH}/Podfile.lock",
				"${PODS_ROOT}/Manifest.lock",
			);
			name = "[CP] Check Pods Manifest.lock";
			outputFileListPaths = (
			);
			outputPaths = (
				"$(DERIVED_FILE_DIR)/Pods-MobileTakeHomeTests-checkManifestLockResult.txt",
			);
			runOnlyForDeploymentPostprocessing = 0;
			shellPath = /bin/sh;
			shellScript = "diff \"${PODS_PODFILE_DIR_PATH}/Podfile.lock\" \"${PODS_ROOT}/Manifest.lock\" > /dev/null\nif [ $? != 0 ] ; then\n    # print error to STDERR\n    echo \"error: The sandbox is not in sync with the Podfile.lock. Run 'pod install' or update your CocoaPods installation.\" >&2\n    exit 1\nfi\n# This output is used by Xcode 'outputs' to avoid re-running this script phase.\necho \"SUCCESS\" > \"${SCRIPT_OUTPUT_FILE_0}\"\n";
			showEnvVarsInLog = 0;
		};
/* End PBXShellScriptBuildPhase section */

/* Begin PBXSourcesBuildPhase section */
		49C8B02928CBEDA200286AA8 /* Sources */ = {
			isa = PBXSourcesBuildPhase;
			buildActionMask = 2147483647;
			files = (
				49EA2A7628CC0C55003DCADB /* DateFormatter.swift in Sources */,
				49C8B03528CBEDA200286AA8 /* MainViewController.swift in Sources */,
				49C8B06428CBF6D400286AA8 /* MainPresenter.swift in Sources */,
				49C8B06728CBF73A00286AA8 /* API.swift in Sources */,
				49C8B03128CBEDA200286AA8 /* AppDelegate.swift in Sources */,
				49C8B06A28CBF76C00286AA8 /* Weather.swift in Sources */,
				49EA2A7828CC0CB9003DCADB /* JSONDecoder.swift in Sources */,
			);
			runOnlyForDeploymentPostprocessing = 0;
		};
		49C8B03F28CBEDA300286AA8 /* Sources */ = {
			isa = PBXSourcesBuildPhase;
			buildActionMask = 2147483647;
			files = (
				49EA2A7B28CC0EEB003DCADB /* APIMock.swift in Sources */,
				49EA2A8028CC1057003DCADB /* MainPresenterMock.swift in Sources */,
				49EA2A8428CC1248003DCADB /* WeatherMock.swift in Sources */,
				49EA2A8228CC1178003DCADB /* MainPresenterTests.swift in Sources */,
				49C8B04828CBEDA400286AA8 /* MainViewControllerTests.swift in Sources */,
				49EA2A7D28CC0FEE003DCADB /* MainViewMock.swift in Sources */,
			);
			runOnlyForDeploymentPostprocessing = 0;
		};
/* End PBXSourcesBuildPhase section */

/* Begin PBXTargetDependency section */
		49C8B04528CBEDA300286AA8 /* PBXTargetDependency */ = {
			isa = PBXTargetDependency;
			target = 49C8B02C28CBEDA200286AA8 /* MobileTakeHome */;
			targetProxy = 49C8B04428CBEDA300286AA8 /* PBXContainerItemProxy */;
		};
/* End PBXTargetDependency section */

/* Begin PBXVariantGroup section */
		49C8B03B28CBEDA300286AA8 /* LaunchScreen.storyboard */ = {
			isa = PBXVariantGroup;
			children = (
				49C8B03C28CBEDA300286AA8 /* Base */,
			);
			name = LaunchScreen.storyboard;
			sourceTree = "<group>";
		};
/* End PBXVariantGroup section */

/* Begin XCBuildConfiguration section */
		49C8B05528CBEDA400286AA8 /* Debug */ = {
			isa = XCBuildConfiguration;
			buildSettings = {
				ALWAYS_SEARCH_USER_PATHS = NO;
				CLANG_ANALYZER_NONNULL = YES;
				CLANG_ANALYZER_NUMBER_OBJECT_CONVERSION = YES_AGGRESSIVE;
				CLANG_CXX_LANGUAGE_STANDARD = "gnu++17";
				CLANG_ENABLE_MODULES = YES;
				CLANG_ENABLE_OBJC_ARC = YES;
				CLANG_ENABLE_OBJC_WEAK = YES;
				CLANG_WARN_BLOCK_CAPTURE_AUTORELEASING = YES;
				CLANG_WARN_BOOL_CONVERSION = YES;
				CLANG_WARN_COMMA = YES;
				CLANG_WARN_CONSTANT_CONVERSION = YES;
				CLANG_WARN_DEPRECATED_OBJC_IMPLEMENTATIONS = YES;
				CLANG_WARN_DIRECT_OBJC_ISA_USAGE = YES_ERROR;
				CLANG_WARN_DOCUMENTATION_COMMENTS = YES;
				CLANG_WARN_EMPTY_BODY = YES;
				CLANG_WARN_ENUM_CONVERSION = YES;
				CLANG_WARN_INFINITE_RECURSION = YES;
				CLANG_WARN_INT_CONVERSION = YES;
				CLANG_WARN_NON_LITERAL_NULL_CONVERSION = YES;
				CLANG_WARN_OBJC_IMPLICIT_RETAIN_SELF = YES;
				CLANG_WARN_OBJC_LITERAL_CONVERSION = YES;
				CLANG_WARN_OBJC_ROOT_CLASS = YES_ERROR;
				CLANG_WARN_QUOTED_INCLUDE_IN_FRAMEWORK_HEADER = YES;
				CLANG_WARN_RANGE_LOOP_ANALYSIS = YES;
				CLANG_WARN_STRICT_PROTOTYPES = YES;
				CLANG_WARN_SUSPICIOUS_MOVE = YES;
				CLANG_WARN_UNGUARDED_AVAILABILITY = YES_AGGRESSIVE;
				CLANG_WARN_UNREACHABLE_CODE = YES;
				CLANG_WARN__DUPLICATE_METHOD_MATCH = YES;
				COPY_PHASE_STRIP = NO;
				DEBUG_INFORMATION_FORMAT = dwarf;
				ENABLE_STRICT_OBJC_MSGSEND = YES;
				ENABLE_TESTABILITY = YES;
				GCC_C_LANGUAGE_STANDARD = gnu11;
				GCC_DYNAMIC_NO_PIC = NO;
				GCC_NO_COMMON_BLOCKS = YES;
				GCC_OPTIMIZATION_LEVEL = 0;
				GCC_PREPROCESSOR_DEFINITIONS = (
					"DEBUG=1",
					"$(inherited)",
				);
				GCC_WARN_64_TO_32_BIT_CONVERSION = YES;
				GCC_WARN_ABOUT_RETURN_TYPE = YES_ERROR;
				GCC_WARN_UNDECLARED_SELECTOR = YES;
				GCC_WARN_UNINITIALIZED_AUTOS = YES_AGGRESSIVE;
				GCC_WARN_UNUSED_FUNCTION = YES;
				GCC_WARN_UNUSED_VARIABLE = YES;
				IPHONEOS_DEPLOYMENT_TARGET = 15.4;
				MTL_ENABLE_DEBUG_INFO = INCLUDE_SOURCE;
				MTL_FAST_MATH = YES;
				ONLY_ACTIVE_ARCH = YES;
				SDKROOT = iphoneos;
				SWIFT_ACTIVE_COMPILATION_CONDITIONS = DEBUG;
				SWIFT_OPTIMIZATION_LEVEL = "-Onone";
			};
			name = Debug;
		};
		49C8B05628CBEDA400286AA8 /* Release */ = {
			isa = XCBuildConfiguration;
			buildSettings = {
				ALWAYS_SEARCH_USER_PATHS = NO;
				CLANG_ANALYZER_NONNULL = YES;
				CLANG_ANALYZER_NUMBER_OBJECT_CONVERSION = YES_AGGRESSIVE;
				CLANG_CXX_LANGUAGE_STANDARD = "gnu++17";
				CLANG_ENABLE_MODULES = YES;
				CLANG_ENABLE_OBJC_ARC = YES;
				CLANG_ENABLE_OBJC_WEAK = YES;
				CLANG_WARN_BLOCK_CAPTURE_AUTORELEASING = YES;
				CLANG_WARN_BOOL_CONVERSION = YES;
				CLANG_WARN_COMMA = YES;
				CLANG_WARN_CONSTANT_CONVERSION = YES;
				CLANG_WARN_DEPRECATED_OBJC_IMPLEMENTATIONS = YES;
				CLANG_WARN_DIRECT_OBJC_ISA_USAGE = YES_ERROR;
				CLANG_WARN_DOCUMENTATION_COMMENTS = YES;
				CLANG_WARN_EMPTY_BODY = YES;
				CLANG_WARN_ENUM_CONVERSION = YES;
				CLANG_WARN_INFINITE_RECURSION = YES;
				CLANG_WARN_INT_CONVERSION = YES;
				CLANG_WARN_NON_LITERAL_NULL_CONVERSION = YES;
				CLANG_WARN_OBJC_IMPLICIT_RETAIN_SELF = YES;
				CLANG_WARN_OBJC_LITERAL_CONVERSION = YES;
				CLANG_WARN_OBJC_ROOT_CLASS = YES_ERROR;
				CLANG_WARN_QUOTED_INCLUDE_IN_FRAMEWORK_HEADER = YES;
				CLANG_WARN_RANGE_LOOP_ANALYSIS = YES;
				CLANG_WARN_STRICT_PROTOTYPES = YES;
				CLANG_WARN_SUSPICIOUS_MOVE = YES;
				CLANG_WARN_UNGUARDED_AVAILABILITY = YES_AGGRESSIVE;
				CLANG_WARN_UNREACHABLE_CODE = YES;
				CLANG_WARN__DUPLICATE_METHOD_MATCH = YES;
				COPY_PHASE_STRIP = NO;
				DEBUG_INFORMATION_FORMAT = "dwarf-with-dsym";
				ENABLE_NS_ASSERTIONS = NO;
				ENABLE_STRICT_OBJC_MSGSEND = YES;
				GCC_C_LANGUAGE_STANDARD = gnu11;
				GCC_NO_COMMON_BLOCKS = YES;
				GCC_WARN_64_TO_32_BIT_CONVERSION = YES;
				GCC_WARN_ABOUT_RETURN_TYPE = YES_ERROR;
				GCC_WARN_UNDECLARED_SELECTOR = YES;
				GCC_WARN_UNINITIALIZED_AUTOS = YES_AGGRESSIVE;
				GCC_WARN_UNUSED_FUNCTION = YES;
				GCC_WARN_UNUSED_VARIABLE = YES;
				IPHONEOS_DEPLOYMENT_TARGET = 15.4;
				MTL_ENABLE_DEBUG_INFO = NO;
				MTL_FAST_MATH = YES;
				SDKROOT = iphoneos;
				SWIFT_COMPILATION_MODE = wholemodule;
				SWIFT_OPTIMIZATION_LEVEL = "-O";
				VALIDATE_PRODUCT = YES;
			};
			name = Release;
		};
		49C8B05828CBEDA400286AA8 /* Debug */ = {
			isa = XCBuildConfiguration;
			baseConfigurationReference = 4C3C588DDCBF0517DE6DD2C9 /* Pods-MobileTakeHome.debug.xcconfig */;
			buildSettings = {
				ASSETCATALOG_COMPILER_APPICON_NAME = AppIcon;
				ASSETCATALOG_COMPILER_GLOBAL_ACCENT_COLOR_NAME = AccentColor;
				CODE_SIGN_STYLE = Automatic;
				CURRENT_PROJECT_VERSION = 1;
				DEVELOPMENT_TEAM = 8S34Z2ZZQ6;
				GENERATE_INFOPLIST_FILE = YES;
				INFOPLIST_FILE = MobileTakeHome/Info.plist;
				INFOPLIST_KEY_UIApplicationSupportsIndirectInputEvents = YES;
				INFOPLIST_KEY_UILaunchStoryboardName = LaunchScreen;
				INFOPLIST_KEY_UISupportedInterfaceOrientations_iPad = "UIInterfaceOrientationPortrait UIInterfaceOrientationPortraitUpsideDown UIInterfaceOrientationLandscapeLeft UIInterfaceOrientationLandscapeRight";
				INFOPLIST_KEY_UISupportedInterfaceOrientations_iPhone = "UIInterfaceOrientationPortrait UIInterfaceOrientationLandscapeLeft UIInterfaceOrientationLandscapeRight";
				LD_RUNPATH_SEARCH_PATHS = (
					"$(inherited)",
					"@executable_path/Frameworks",
				);
				MARKETING_VERSION = 1.0;
				PRODUCT_BUNDLE_IDENTIFIER = andrealves.MobileTakeHome;
				PRODUCT_NAME = "$(TARGET_NAME)";
				SWIFT_EMIT_LOC_STRINGS = YES;
				SWIFT_VERSION = 5.0;
				TARGETED_DEVICE_FAMILY = "1,2";
			};
			name = Debug;
		};
		49C8B05928CBEDA400286AA8 /* Release */ = {
			isa = XCBuildConfiguration;
			baseConfigurationReference = FFF31BBE17B684654DF6C3BE /* Pods-MobileTakeHome.release.xcconfig */;
			buildSettings = {
				ASSETCATALOG_COMPILER_APPICON_NAME = AppIcon;
				ASSETCATALOG_COMPILER_GLOBAL_ACCENT_COLOR_NAME = AccentColor;
				CODE_SIGN_STYLE = Automatic;
				CURRENT_PROJECT_VERSION = 1;
				DEVELOPMENT_TEAM = 8S34Z2ZZQ6;
				GENERATE_INFOPLIST_FILE = YES;
				INFOPLIST_FILE = MobileTakeHome/Info.plist;
				INFOPLIST_KEY_UIApplicationSupportsIndirectInputEvents = YES;
				INFOPLIST_KEY_UILaunchStoryboardName = LaunchScreen;
				INFOPLIST_KEY_UISupportedInterfaceOrientations_iPad = "UIInterfaceOrientationPortrait UIInterfaceOrientationPortraitUpsideDown UIInterfaceOrientationLandscapeLeft UIInterfaceOrientationLandscapeRight";
				INFOPLIST_KEY_UISupportedInterfaceOrientations_iPhone = "UIInterfaceOrientationPortrait UIInterfaceOrientationLandscapeLeft UIInterfaceOrientationLandscapeRight";
				LD_RUNPATH_SEARCH_PATHS = (
					"$(inherited)",
					"@executable_path/Frameworks",
				);
				MARKETING_VERSION = 1.0;
				PRODUCT_BUNDLE_IDENTIFIER = andrealves.MobileTakeHome;
				PRODUCT_NAME = "$(TARGET_NAME)";
				SWIFT_EMIT_LOC_STRINGS = YES;
				SWIFT_VERSION = 5.0;
				TARGETED_DEVICE_FAMILY = "1,2";
			};
			name = Release;
		};
		49C8B05B28CBEDA400286AA8 /* Debug */ = {
			isa = XCBuildConfiguration;
			baseConfigurationReference = C0B071029AE9D82CCBA2970B /* Pods-MobileTakeHomeTests.debug.xcconfig */;
			buildSettings = {
				ALWAYS_EMBED_SWIFT_STANDARD_LIBRARIES = YES;
				BUNDLE_LOADER = "$(TEST_HOST)";
				CODE_SIGN_STYLE = Automatic;
				CURRENT_PROJECT_VERSION = 1;
				DEVELOPMENT_TEAM = 8S34Z2ZZQ6;
				GENERATE_INFOPLIST_FILE = YES;
				IPHONEOS_DEPLOYMENT_TARGET = 15.4;
				MARKETING_VERSION = 1.0;
				PRODUCT_BUNDLE_IDENTIFIER = andrealves.MobileTakeHomeTests;
				PRODUCT_NAME = "$(TARGET_NAME)";
				SWIFT_EMIT_LOC_STRINGS = NO;
				SWIFT_VERSION = 5.0;
				TARGETED_DEVICE_FAMILY = "1,2";
				TEST_HOST = "$(BUILT_PRODUCTS_DIR)/MobileTakeHome.app/MobileTakeHome";
			};
			name = Debug;
		};
		49C8B05C28CBEDA400286AA8 /* Release */ = {
			isa = XCBuildConfiguration;
			baseConfigurationReference = D7EB9998BE69863B3C9FE241 /* Pods-MobileTakeHomeTests.release.xcconfig */;
			buildSettings = {
				ALWAYS_EMBED_SWIFT_STANDARD_LIBRARIES = YES;
				BUNDLE_LOADER = "$(TEST_HOST)";
				CODE_SIGN_STYLE = Automatic;
				CURRENT_PROJECT_VERSION = 1;
				DEVELOPMENT_TEAM = 8S34Z2ZZQ6;
				GENERATE_INFOPLIST_FILE = YES;
				IPHONEOS_DEPLOYMENT_TARGET = 15.4;
				MARKETING_VERSION = 1.0;
				PRODUCT_BUNDLE_IDENTIFIER = andrealves.MobileTakeHomeTests;
				PRODUCT_NAME = "$(TARGET_NAME)";
				SWIFT_EMIT_LOC_STRINGS = NO;
				SWIFT_VERSION = 5.0;
				TARGETED_DEVICE_FAMILY = "1,2";
				TEST_HOST = "$(BUILT_PRODUCTS_DIR)/MobileTakeHome.app/MobileTakeHome";
			};
			name = Release;
		};
/* End XCBuildConfiguration section */

/* Begin XCConfigurationList section */
		49C8B02828CBEDA200286AA8 /* Build configuration list for PBXProject "MobileTakeHome" */ = {
			isa = XCConfigurationList;
			buildConfigurations = (
				49C8B05528CBEDA400286AA8 /* Debug */,
				49C8B05628CBEDA400286AA8 /* Release */,
			);
			defaultConfigurationIsVisible = 0;
			defaultConfigurationName = Release;
		};
		49C8B05728CBEDA400286AA8 /* Build configuration list for PBXNativeTarget "MobileTakeHome" */ = {
			isa = XCConfigurationList;
			buildConfigurations = (
				49C8B05828CBEDA400286AA8 /* Debug */,
				49C8B05928CBEDA400286AA8 /* Release */,
			);
			defaultConfigurationIsVisible = 0;
			defaultConfigurationName = Release;
		};
		49C8B05A28CBEDA400286AA8 /* Build configuration list for PBXNativeTarget "MobileTakeHomeTests" */ = {
			isa = XCConfigurationList;
			buildConfigurations = (
				49C8B05B28CBEDA400286AA8 /* Debug */,
				49C8B05C28CBEDA400286AA8 /* Release */,
			);
			defaultConfigurationIsVisible = 0;
			defaultConfigurationName = Release;
		};
/* End XCConfigurationList section */
	};
	rootObject = 49C8B02528CBEDA200286AA8 /* Project object */;
}
